
Microsoft Visual Studio Solution File, Format Version 12.00
# Visual Studio Version 17
VisualStudioVersion = 17.0.31903.59
MinimumVisualStudioVersion = 10.0.40219.1
Project("{FAE04EC0-301F-11D3-BF4B-00C04F79EFBC}") = "BillingApp.API", "BillingApp.API\BillingApp.API.csproj", "{2F0F6936-C7FA-45FB-BA85-71FBC51BDEFC}"
EndProject
Project("{2150E333-8FDC-42A3-9474-1A3956D46DE8}") = "shared", "shared", "{4F52FD11-658E-A102-6CD3-7D7C16FFA15B}"
EndProject
Project("{FAE04EC0-301F-11D3-BF4B-00C04F79EFBC}") = "BillingApp.Core", "shared\BillingApp.Core\BillingApp.Core.csproj", "{FA045C41-1704-4847-A542-7CFB962B1020}"
EndProject
Project("{FAE04EC0-301F-11D3-BF4B-00C04F79EFBC}") = "BillingApp.Tests", "BillingApp.Tests\BillingApp.Tests.csproj", "{F3CB4394-B676-4F59-A1FC-64F4D32008D4}"
EndProject
Global
	GlobalSection(SolutionConfigurationPlatforms) = preSolution
		Debug|Any CPU = Debug|Any CPU
		Debug|x64 = Debug|x64
		Debug|x86 = Debug|x86
		Release|Any CPU = Release|Any CPU
		Release|x64 = Release|x64
		Release|x86 = Release|x86
	EndGlobalSection
	GlobalSection(ProjectConfigurationPlatforms) = postSolution
		{2F0F6936-C7FA-45FB-BA85-71FBC51BDEFC}.Debug|Any CPU.ActiveCfg = Debug|Any CPU
		{2F0F6936-C7FA-45FB-BA85-71FBC51BDEFC}.Debug|Any CPU.Build.0 = Debug|Any CPU
		{2F0F6936-C7FA-45FB-BA85-71FBC51BDEFC}.Debug|x64.ActiveCfg = Debug|Any CPU
		{2F0F6936-C7FA-45FB-BA85-71FBC51BDEFC}.Debug|x64.Build.0 = Debug|Any CPU
		{2F0F6936-C7FA-45FB-BA85-71FBC51BDEFC}.Debug|x86.ActiveCfg = Debug|Any CPU
		{2F0F6936-C7FA-45FB-BA85-71FBC51BDEFC}.Debug|x86.Build.0 = Debug|Any CPU
		{2F0F6936-C7FA-45FB-BA85-71FBC51BDEFC}.Release|Any CPU.ActiveCfg = Release|Any CPU
		{2F0F6936-C7FA-45FB-BA85-71FBC51BDEFC}.Release|Any CPU.Build.0 = Release|Any CPU
		{2F0F6936-C7FA-45FB-BA85-71FBC51BDEFC}.Release|x64.ActiveCfg = Release|Any CPU
		{2F0F6936-C7FA-45FB-BA85-71FBC51BDEFC}.Release|x64.Build.0 = Release|Any CPU
		{2F0F6936-C7FA-45FB-BA85-71FBC51BDEFC}.Release|x86.ActiveCfg = Release|Any CPU
		{2F0F6936-C7FA-45FB-BA85-71FBC51BDEFC}.Release|x86.Build.0 = Release|Any CPU
		{FA045C41-1704-4847-A542-7CFB962B1020}.Debug|Any CPU.ActiveCfg = Debug|Any CPU
		{FA045C41-1704-4847-A542-7CFB962B1020}.Debug|Any CPU.Build.0 = Debug|Any CPU
		{FA045C41-1704-4847-A542-7CFB962B1020}.Debug|x64.ActiveCfg = Debug|Any CPU
		{FA045C41-1704-4847-A542-7CFB962B1020}.Debug|x64.Build.0 = Debug|Any CPU
		{FA045C41-1704-4847-A542-7CFB962B1020}.Debug|x86.ActiveCfg = Debug|Any CPU
		{FA045C41-1704-4847-A542-7CFB962B1020}.Debug|x86.Build.0 = Debug|Any CPU
		{FA045C41-1704-4847-A542-7CFB962B1020}.Release|Any CPU.ActiveCfg = Release|Any CPU
		{FA045C41-1704-4847-A542-7CFB962B1020}.Release|Any CPU.Build.0 = Release|Any CPU
		{FA045C41-1704-4847-A542-7CFB962B1020}.Release|x64.ActiveCfg = Release|Any CPU
		{FA045C41-1704-4847-A542-7CFB962B1020}.Release|x64.Build.0 = Release|Any CPU
		{FA045C41-1704-4847-A542-7CFB962B1020}.Release|x86.ActiveCfg = Release|Any CPU
		{FA045C41-1704-4847-A542-7CFB962B1020}.Release|x86.Build.0 = Release|Any CPU
		{F3CB4394-B676-4F59-A1FC-64F4D32008D4}.Debug|Any CPU.ActiveCfg = Debug|Any CPU
		{F3CB4394-B676-4F59-A1FC-64F4D32008D4}.Debug|Any CPU.Build.0 = Debug|Any CPU
		{F3CB4394-B676-4F59-A1FC-64F4D32008D4}.Debug|x64.ActiveCfg = Debug|Any CPU
		{F3CB4394-B676-4F59-A1FC-64F4D32008D4}.Debug|x64.Build.0 = Debug|Any CPU
		{F3CB4394-B676-4F59-A1FC-64F4D32008D4}.Debug|x86.ActiveCfg = Debug|Any CPU
		{F3CB4394-B676-4F59-A1FC-64F4D32008D4}.Debug|x86.Build.0 = Debug|Any CPU
		{F3CB4394-B676-4F59-A1FC-64F4D32008D4}.Release|Any CPU.ActiveCfg = Release|Any CPU
		{F3CB4394-B676-4F59-A1FC-64F4D32008D4}.Release|Any CPU.Build.0 = Release|Any CPU
		{F3CB4394-B676-4F59-A1FC-64F4D32008D4}.Release|x64.ActiveCfg = Release|Any CPU
		{F3CB4394-B676-4F59-A1FC-64F4D32008D4}.Release|x64.Build.0 = Release|Any CPU
		{F3CB4394-B676-4F59-A1FC-64F4D32008D4}.Release|x86.ActiveCfg = Release|Any CPU
		{F3CB4394-B676-4F59-A1FC-64F4D32008D4}.Release|x86.Build.0 = Release|Any CPU
	EndGlobalSection
	GlobalSection(SolutionProperties) = preSolution
		HideSolutionNode = FALSE
	EndGlobalSection
	GlobalSection(NestedProjects) = preSolution
		{FA045C41-1704-4847-A542-7CFB962B1020} = {4F52FD11-658E-A102-6CD3-7D7C16FFA15B}
	EndGlobalSection
EndGlobal
