
Microsoft Visual Studio Solution File, Format Version 12.00
# Visual Studio Version 18
VisualStudioVersion = 18.1.11312.151 d18.0
MinimumVisualStudioVersion = 10.0.40219.1
Project("{2150E333-8FDC-42A3-9474-1A3956D46DE8}") = "src", "src", "{827E0CD3-B72D-47B6-A68D-7590B98EB39B}"
EndProject
Project("{FAE04EC0-301F-11D3-BF4B-00C04F79EFBC}") = "BillingApp.API", "src\BillingApp.API\BillingApp.API.csproj", "{25952A89-A4DC-4996-9DD8-51EA1793E872}"
EndProject
Project("{FAE04EC0-301F-11D3-BF4B-00C04F79EFBC}") = "BillingApp.Core", "src\shared\BillingApp.Core\BillingApp.Core.csproj", "{0C1BEEE8-B814-BAE8-BC21-1230508859C6}"
EndProject
Global
	GlobalSection(SolutionConfigurationPlatforms) = preSolution
		Debug|Any CPU = Debug|Any CPU
		Debug|x64 = Debug|x64
		Debug|x86 = Debug|x86
		Release|Any CPU = Release|Any CPU
		Release|x64 = Release|x64
		Release|x86 = Release|x86
	EndGlobalSection
	GlobalSection(ProjectConfigurationPlatforms) = postSolution
		{25952A89-A4DC-4996-9DD8-51EA1793E872}.Debug|Any CPU.ActiveCfg = Debug|Any CPU
		{25952A89-A4DC-4996-9DD8-51EA1793E872}.Debug|Any CPU.Build.0 = Debug|Any CPU
		{25952A89-A4DC-4996-9DD8-51EA1793E872}.Debug|x64.ActiveCfg = Debug|Any CPU
		{25952A89-A4DC-4996-9DD8-51EA1793E872}.Debug|x64.Build.0 = Debug|Any CPU
		{25952A89-A4DC-4996-9DD8-51EA1793E872}.Debug|x86.ActiveCfg = Debug|Any CPU
		{25952A89-A4DC-4996-9DD8-51EA1793E872}.Debug|x86.Build.0 = Debug|Any CPU
		{25952A89-A4DC-4996-9DD8-51EA1793E872}.Release|Any CPU.ActiveCfg = Release|Any CPU
		{25952A89-A4DC-4996-9DD8-51EA1793E872}.Release|Any CPU.Build.0 = Release|Any CPU
		{25952A89-A4DC-4996-9DD8-51EA1793E872}.Release|x64.ActiveCfg = Release|Any CPU
		{25952A89-A4DC-4996-9DD8-51EA1793E872}.Release|x64.Build.0 = Release|Any CPU
		{25952A89-A4DC-4996-9DD8-51EA1793E872}.Release|x86.ActiveCfg = Release|Any CPU
		{25952A89-A4DC-4996-9DD8-51EA1793E872}.Release|x86.Build.0 = Release|Any CPU
		{0C1BEEE8-B814-BAE8-BC21-1230508859C6}.Debug|Any CPU.ActiveCfg = Debug|Any CPU
		{0C1BEEE8-B814-BAE8-BC21-1230508859C6}.Debug|Any CPU.Build.0 = Debug|Any CPU
		{0C1BEEE8-B814-BAE8-BC21-1230508859C6}.Debug|x64.ActiveCfg = Debug|Any CPU
		{0C1BEEE8-B814-BAE8-BC21-1230508859C6}.Debug|x64.Build.0 = Debug|Any CPU
		{0C1BEEE8-B814-BAE8-BC21-1230508859C6}.Debug|x86.ActiveCfg = Debug|Any CPU
		{0C1BEEE8-B814-BAE8-BC21-1230508859C6}.Debug|x86.Build.0 = Debug|Any CPU
		{0C1BEEE8-B814-BAE8-BC21-1230508859C6}.Release|Any CPU.ActiveCfg = Release|Any CPU
		{0C1BEEE8-B814-BAE8-BC21-1230508859C6}.Release|Any CPU.Build.0 = Release|Any CPU
		{0C1BEEE8-B814-BAE8-BC21-1230508859C6}.Release|x64.ActiveCfg = Release|Any CPU
		{0C1BEEE8-B814-BAE8-BC21-1230508859C6}.Release|x64.Build.0 = Release|Any CPU
		{0C1BEEE8-B814-BAE8-BC21-1230508859C6}.Release|x86.ActiveCfg = Release|Any CPU
		{0C1BEEE8-B814-BAE8-BC21-1230508859C6}.Release|x86.Build.0 = Release|Any CPU
	EndGlobalSection
	GlobalSection(SolutionProperties) = preSolution
		HideSolutionNode = FALSE
	EndGlobalSection
	GlobalSection(NestedProjects) = preSolution
		{25952A89-A4DC-4996-9DD8-51EA1793E872} = {827E0CD3-B72D-47B6-A68D-7590B98EB39B}
		{0C1BEEE8-B814-BAE8-BC21-1230508859C6} = {827E0CD3-B72D-47B6-A68D-7590B98EB39B}
	EndGlobalSection
	GlobalSection(ExtensibilityGlobals) = postSolution
		SolutionGuid = {95EF9C7C-9891-4B0C-988D-583C3DF6E423}
	EndGlobalSection
EndGlobal
